
Microsoft Visual Studio Solution File, Format Version 12.00
# Visual Studio Version 16
VisualStudioVersion = 16.0.34729.46
MinimumVisualStudioVersion = 10.0.40219.1
Project("{FAE04EC0-301F-11D3-BF4B-00C04F79EFBC}") = "QuizeManagement", "QuizeManagement_0406\QuizeManagement.csproj", "{42F16AE7-ABCA-4547-9333-CE43F0C76C8B}"
EndProject
Project("{FAE04EC0-301F-11D3-BF4B-00C04F79EFBC}") = "QuizeManagement.Helpers", "QuizeManagement.Helpers\QuizeManagement.Helpers.csproj", "{B2CA3D09-05EF-490E-8F3A-F1E80892F2F8}"
EndProject
Project("{FAE04EC0-301F-11D3-BF4B-00C04F79EFBC}") = "QuizeManagement.Models", "QuizeManagement.Models\QuizeManagement.Models.csproj", "{789FF683-8D63-4333-AA5A-FC25E5E83423}"
EndProject
Project("{FAE04EC0-301F-11D3-BF4B-00C04F79EFBC}") = "QuizeManagement.Repository", "QuizeManagement.Repository\QuizeManagement.Repository.csproj", "{B49E5097-F58C-4E2B-8CDC-54B986B44C53}"
EndProject
Project("{FAE04EC0-301F-11D3-BF4B-00C04F79EFBC}") = "QuizeManagement.Api", "QuizeManagement.Api\QuizeManagement.Api.csproj", "{923C04A5-8470-42A4-8D5B-88BAC9852D6B}"
EndProject
Global
	GlobalSection(SolutionConfigurationPlatforms) = preSolution
		Debug|Any CPU = Debug|Any CPU
		Release|Any CPU = Release|Any CPU
	EndGlobalSection
	GlobalSection(ProjectConfigurationPlatforms) = postSolution
		{42F16AE7-ABCA-4547-9333-CE43F0C76C8B}.Debug|Any CPU.ActiveCfg = Debug|Any CPU
		{42F16AE7-ABCA-4547-9333-CE43F0C76C8B}.Debug|Any CPU.Build.0 = Debug|Any CPU
		{42F16AE7-ABCA-4547-9333-CE43F0C76C8B}.Release|Any CPU.ActiveCfg = Release|Any CPU
		{42F16AE7-ABCA-4547-9333-CE43F0C76C8B}.Release|Any CPU.Build.0 = Release|Any CPU
		{B2CA3D09-05EF-490E-8F3A-F1E80892F2F8}.Debug|Any CPU.ActiveCfg = Debug|Any CPU
		{B2CA3D09-05EF-490E-8F3A-F1E80892F2F8}.Debug|Any CPU.Build.0 = Debug|Any CPU
		{B2CA3D09-05EF-490E-8F3A-F1E80892F2F8}.Release|Any CPU.ActiveCfg = Release|Any CPU
		{B2CA3D09-05EF-490E-8F3A-F1E80892F2F8}.Release|Any CPU.Build.0 = Release|Any CPU
		{789FF683-8D63-4333-AA5A-FC25E5E83423}.Debug|Any CPU.ActiveCfg = Debug|Any CPU
		{789FF683-8D63-4333-AA5A-FC25E5E83423}.Debug|Any CPU.Build.0 = Debug|Any CPU
		{789FF683-8D63-4333-AA5A-FC25E5E83423}.Release|Any CPU.ActiveCfg = Release|Any CPU
		{789FF683-8D63-4333-AA5A-FC25E5E83423}.Release|Any CPU.Build.0 = Release|Any CPU
		{B49E5097-F58C-4E2B-8CDC-54B986B44C53}.Debug|Any CPU.ActiveCfg = Debug|Any CPU
		{B49E5097-F58C-4E2B-8CDC-54B986B44C53}.Debug|Any CPU.Build.0 = Debug|Any CPU
		{B49E5097-F58C-4E2B-8CDC-54B986B44C53}.Release|Any CPU.ActiveCfg = Release|Any CPU
		{B49E5097-F58C-4E2B-8CDC-54B986B44C53}.Release|Any CPU.Build.0 = Release|Any CPU
		{923C04A5-8470-42A4-8D5B-88BAC9852D6B}.Debug|Any CPU.ActiveCfg = Debug|Any CPU
		{923C04A5-8470-42A4-8D5B-88BAC9852D6B}.Debug|Any CPU.Build.0 = Debug|Any CPU
		{923C04A5-8470-42A4-8D5B-88BAC9852D6B}.Release|Any CPU.ActiveCfg = Release|Any CPU
		{923C04A5-8470-42A4-8D5B-88BAC9852D6B}.Release|Any CPU.Build.0 = Release|Any CPU
	EndGlobalSection
	GlobalSection(SolutionProperties) = preSolution
		HideSolutionNode = FALSE
	EndGlobalSection
	GlobalSection(ExtensibilityGlobals) = postSolution
		SolutionGuid = {0541317B-7AB8-4348-ACDD-65C0BE4D2091}
	EndGlobalSection
EndGlobal
